// !$*UTF8*$!
{
	archiveVersion = 1;
	classes = {
	};
	objectVersion = 46;
	objects = {

/* Begin PBXBuildFile section */
		4F2010251C27F5E3004DE78C /* Connection.swift in Sources */ = {isa = PBXBuildFile; fileRef = 4F2010241C27F5E3004DE78C /* Connection.swift */; };
		4F2010271C27F603004DE78C /* API.swift in Sources */ = {isa = PBXBuildFile; fileRef = 4F2010261C27F603004DE78C /* API.swift */; };
		4F2010321C27F651004DE78C /* Delay.swift in Sources */ = {isa = PBXBuildFile; fileRef = 4F2010291C27F651004DE78C /* Delay.swift */; };
		4F2010331C27F651004DE78C /* Array.swift in Sources */ = {isa = PBXBuildFile; fileRef = 4F20102B1C27F651004DE78C /* Array.swift */; };
		4F2010341C27F651004DE78C /* Int.swift in Sources */ = {isa = PBXBuildFile; fileRef = 4F20102C1C27F651004DE78C /* Int.swift */; };
		4F2010351C27F651004DE78C /* NSDate.swift in Sources */ = {isa = PBXBuildFile; fileRef = 4F20102D1C27F651004DE78C /* NSDate.swift */; };
		4F2010361C27F651004DE78C /* String.swift in Sources */ = {isa = PBXBuildFile; fileRef = 4F20102E1C27F651004DE78C /* String.swift */; };
		4F2010371C27F651004DE78C /* Extension.swift in Sources */ = {isa = PBXBuildFile; fileRef = 4F20102F1C27F651004DE78C /* Extension.swift */; };
		4F2010381C27F651004DE78C /* ImageUtility.swift in Sources */ = {isa = PBXBuildFile; fileRef = 4F2010301C27F651004DE78C /* ImageUtility.swift */; };
		4F2010391C27F651004DE78C /* Utility.swift in Sources */ = {isa = PBXBuildFile; fileRef = 4F2010311C27F651004DE78C /* Utility.swift */; };
		4F55A8DA1C23F908001B1A72 /* EditQuestVC.swift in Sources */ = {isa = PBXBuildFile; fileRef = 4F55A8D91C23F908001B1A72 /* EditQuestVC.swift */; };
		4F84E3F41C23FEEB001C29E1 /* Event.swift in Sources */ = {isa = PBXBuildFile; fileRef = 4F84E3F31C23FEEB001C29E1 /* Event.swift */; };
		4F84E3F71C240D66001C29E1 /* EventCell.swift in Sources */ = {isa = PBXBuildFile; fileRef = 4F84E3F61C240D66001C29E1 /* EventCell.swift */; };
		4F84E3F91C241511001C29E1 /* MyButton.swift in Sources */ = {isa = PBXBuildFile; fileRef = 4F84E3F81C241511001C29E1 /* MyButton.swift */; };
		4F84E3FE1C241E67001C29E1 /* CustomPresentationController.swift in Sources */ = {isa = PBXBuildFile; fileRef = 4F84E3FD1C241E67001C29E1 /* CustomPresentationController.swift */; };
		4F84E4001C241ED1001C29E1 /* Animator.swift in Sources */ = {isa = PBXBuildFile; fileRef = 4F84E3FF1C241ED1001C29E1 /* Animator.swift */; };
		4F84E4021C27A55D001C29E1 /* CreateQuestCell2.swift in Sources */ = {isa = PBXBuildFile; fileRef = 4F84E4011C27A55D001C29E1 /* CreateQuestCell2.swift */; };
		4F84E4041C27A794001C29E1 /* CreateQuestCell1.swift in Sources */ = {isa = PBXBuildFile; fileRef = 4F84E4031C27A794001C29E1 /* CreateQuestCell1.swift */; };
		4F84E4061C27A7C4001C29E1 /* CreateQuestCell3.swift in Sources */ = {isa = PBXBuildFile; fileRef = 4F84E4051C27A7C4001C29E1 /* CreateQuestCell3.swift */; };
		4F84E4091C27D6E3001C29E1 /* ProgressBar.swift in Sources */ = {isa = PBXBuildFile; fileRef = 4F84E4081C27D6E3001C29E1 /* ProgressBar.swift */; };
		4FC060271C23E34F0057C2CB /* AppDelegate.swift in Sources */ = {isa = PBXBuildFile; fileRef = 4FC060261C23E34F0057C2CB /* AppDelegate.swift */; };
		4FC0602C1C23E34F0057C2CB /* Main.storyboard in Resources */ = {isa = PBXBuildFile; fileRef = 4FC0602A1C23E34F0057C2CB /* Main.storyboard */; };
		4FC0602E1C23E34F0057C2CB /* Images.xcassets in Resources */ = {isa = PBXBuildFile; fileRef = 4FC0602D1C23E34F0057C2CB /* Images.xcassets */; };
		4FC060311C23E34F0057C2CB /* LaunchScreen.storyboard in Resources */ = {isa = PBXBuildFile; fileRef = 4FC0602F1C23E34F0057C2CB /* LaunchScreen.storyboard */; };
		4FC0603A1C23E3A00057C2CB /* CourseBaseVC.swift in Sources */ = {isa = PBXBuildFile; fileRef = 4FC060391C23E3A00057C2CB /* CourseBaseVC.swift */; };
		4FC0603C1C23E3EA0057C2CB /* CourseList.swift in Sources */ = {isa = PBXBuildFile; fileRef = 4FC0603B1C23E3EA0057C2CB /* CourseList.swift */; };
		4FC060431C23EEBD0057C2CB /* CreateVC.swift in Sources */ = {isa = PBXBuildFile; fileRef = 4FC060421C23EEBD0057C2CB /* CreateVC.swift */; };
		A2F368F5639145EB2421B10D /* Pods_CourseDemo.framework in Frameworks */ = {isa = PBXBuildFile; fileRef = BE9704475FC0C5275EFF4C33 /* Pods_CourseDemo.framework */; };
/* End PBXBuildFile section */

/* Begin PBXFileReference section */
		4F2010241C27F5E3004DE78C /* Connection.swift */ = {isa = PBXFileReference; fileEncoding = 4; lastKnownFileType = sourcecode.swift; name = Connection.swift; path = Model/Connection.swift; sourceTree = "<group>"; };
		4F2010261C27F603004DE78C /* API.swift */ = {isa = PBXFileReference; fileEncoding = 4; lastKnownFileType = sourcecode.swift; name = API.swift; path = Model/API.swift; sourceTree = "<group>"; };
		4F2010291C27F651004DE78C /* Delay.swift */ = {isa = PBXFileReference; fileEncoding = 4; lastKnownFileType = sourcecode.swift; name = Delay.swift; path = ../../Project/ios/Ican/Ican/Utility/Delay.swift; sourceTree = "<group>"; };
		4F20102B1C27F651004DE78C /* Array.swift */ = {isa = PBXFileReference; fileEncoding = 4; lastKnownFileType = sourcecode.swift; path = Array.swift; sourceTree = "<group>"; };
		4F20102C1C27F651004DE78C /* Int.swift */ = {isa = PBXFileReference; fileEncoding = 4; lastKnownFileType = sourcecode.swift; path = Int.swift; sourceTree = "<group>"; };
		4F20102D1C27F651004DE78C /* NSDate.swift */ = {isa = PBXFileReference; fileEncoding = 4; lastKnownFileType = sourcecode.swift; path = NSDate.swift; sourceTree = "<group>"; };
		4F20102E1C27F651004DE78C /* String.swift */ = {isa = PBXFileReference; fileEncoding = 4; lastKnownFileType = sourcecode.swift; path = String.swift; sourceTree = "<group>"; };
		4F20102F1C27F651004DE78C /* Extension.swift */ = {isa = PBXFileReference; fileEncoding = 4; lastKnownFileType = sourcecode.swift; name = Extension.swift; path = ../../Project/ios/Ican/Ican/Utility/Extension.swift; sourceTree = "<group>"; };
		4F2010301C27F651004DE78C /* ImageUtility.swift */ = {isa = PBXFileReference; fileEncoding = 4; lastKnownFileType = sourcecode.swift; name = ImageUtility.swift; path = ../../Project/ios/Ican/Ican/Utility/ImageUtility.swift; sourceTree = "<group>"; };
		4F2010311C27F651004DE78C /* Utility.swift */ = {isa = PBXFileReference; fileEncoding = 4; lastKnownFileType = sourcecode.swift; name = Utility.swift; path = ../../Project/ios/Ican/Ican/Utility/Utility.swift; sourceTree = "<group>"; };
		4F55A8D91C23F908001B1A72 /* EditQuestVC.swift */ = {isa = PBXFileReference; fileEncoding = 4; lastKnownFileType = sourcecode.swift; name = EditQuestVC.swift; path = ViewController/EditQuestVC.swift; sourceTree = "<group>"; };
		4F84E3F31C23FEEB001C29E1 /* Event.swift */ = {isa = PBXFileReference; fileEncoding = 4; lastKnownFileType = sourcecode.swift; name = Event.swift; path = Model/Event.swift; sourceTree = "<group>"; };
		4F84E3F51C23FFAF001C29E1 /* MyPlayground.playground */ = {isa = PBXFileReference; lastKnownFileType = file.playground; path = MyPlayground.playground; sourceTree = "<group>"; };
		4F84E3F61C240D66001C29E1 /* EventCell.swift */ = {isa = PBXFileReference; fileEncoding = 4; lastKnownFileType = sourcecode.swift; name = EventCell.swift; path = ViewController/View/EventCell.swift; sourceTree = "<group>"; };
		4F84E3F81C241511001C29E1 /* MyButton.swift */ = {isa = PBXFileReference; fileEncoding = 4; lastKnownFileType = sourcecode.swift; name = MyButton.swift; path = ViewController/View/MyButton.swift; sourceTree = "<group>"; };
		4F84E3FA1C241AFF001C29E1 /* Header.h */ = {isa = PBXFileReference; lastKnownFileType = sourcecode.c.h; name = Header.h; path = CourseDemo/Header.h; sourceTree = "<group>"; };
		4F84E3FD1C241E67001C29E1 /* CustomPresentationController.swift */ = {isa = PBXFileReference; fileEncoding = 4; lastKnownFileType = sourcecode.swift; name = CustomPresentationController.swift; path = ViewController/CustomPresentationController.swift; sourceTree = "<group>"; };
		4F84E3FF1C241ED1001C29E1 /* Animator.swift */ = {isa = PBXFileReference; fileEncoding = 4; lastKnownFileType = sourcecode.swift; name = Animator.swift; path = ViewController/Animator.swift; sourceTree = "<group>"; };
		4F84E4011C27A55D001C29E1 /* CreateQuestCell2.swift */ = {isa = PBXFileReference; fileEncoding = 4; lastKnownFileType = sourcecode.swift; name = CreateQuestCell2.swift; path = ViewController/View/CreateQuestCell2.swift; sourceTree = "<group>"; };
		4F84E4031C27A794001C29E1 /* CreateQuestCell1.swift */ = {isa = PBXFileReference; fileEncoding = 4; lastKnownFileType = sourcecode.swift; name = CreateQuestCell1.swift; path = ViewController/View/CreateQuestCell1.swift; sourceTree = "<group>"; };
		4F84E4051C27A7C4001C29E1 /* CreateQuestCell3.swift */ = {isa = PBXFileReference; fileEncoding = 4; lastKnownFileType = sourcecode.swift; path = CreateQuestCell3.swift; sourceTree = "<group>"; };
		4F84E4081C27D6E3001C29E1 /* ProgressBar.swift */ = {isa = PBXFileReference; fileEncoding = 4; lastKnownFileType = sourcecode.swift; name = ProgressBar.swift; path = ViewController/View/ProgressBar.swift; sourceTree = "<group>"; };
		4FC060231C23E34F0057C2CB /* CourseDemo.app */ = {isa = PBXFileReference; explicitFileType = wrapper.application; includeInIndex = 0; path = CourseDemo.app; sourceTree = BUILT_PRODUCTS_DIR; };
		4FC060261C23E34F0057C2CB /* AppDelegate.swift */ = {isa = PBXFileReference; lastKnownFileType = sourcecode.swift; path = AppDelegate.swift; sourceTree = "<group>"; };
		4FC0602B1C23E34F0057C2CB /* Base */ = {isa = PBXFileReference; lastKnownFileType = file.storyboard; name = Base; path = Base.lproj/Main.storyboard; sourceTree = "<group>"; };
		4FC0602D1C23E34F0057C2CB /* Images.xcassets */ = {isa = PBXFileReference; lastKnownFileType = folder.assetcatalog; path = Images.xcassets; sourceTree = "<group>"; };
		4FC060301C23E34F0057C2CB /* Base */ = {isa = PBXFileReference; lastKnownFileType = file.storyboard; name = Base; path = Base.lproj/LaunchScreen.storyboard; sourceTree = "<group>"; };
		4FC060321C23E34F0057C2CB /* Info.plist */ = {isa = PBXFileReference; lastKnownFileType = text.plist.xml; path = Info.plist; sourceTree = "<group>"; };
		4FC060391C23E3A00057C2CB /* CourseBaseVC.swift */ = {isa = PBXFileReference; fileEncoding = 4; lastKnownFileType = sourcecode.swift; name = CourseBaseVC.swift; path = ViewController/CourseBaseVC.swift; sourceTree = "<group>"; };
		4FC0603B1C23E3EA0057C2CB /* CourseList.swift */ = {isa = PBXFileReference; fileEncoding = 4; lastKnownFileType = sourcecode.swift; name = CourseList.swift; path = ViewController/CourseList.swift; sourceTree = "<group>"; };
		4FC060421C23EEBD0057C2CB /* CreateVC.swift */ = {isa = PBXFileReference; fileEncoding = 4; lastKnownFileType = sourcecode.swift; name = CreateVC.swift; path = ViewController/CreateVC.swift; sourceTree = "<group>"; };
		8B7FA7B91A4E5216B857DDDB /* Pods-CourseDemo.debug.xcconfig */ = {isa = PBXFileReference; includeInIndex = 1; lastKnownFileType = text.xcconfig; name = "Pods-CourseDemo.debug.xcconfig"; path = "Pods/Target Support Files/Pods-CourseDemo/Pods-CourseDemo.debug.xcconfig"; sourceTree = "<group>"; };
		A4DF953023D2D1FADC9C252E /* Pods-CourseDemo.release.xcconfig */ = {isa = PBXFileReference; includeInIndex = 1; lastKnownFileType = text.xcconfig; name = "Pods-CourseDemo.release.xcconfig"; path = "Pods/Target Support Files/Pods-CourseDemo/Pods-CourseDemo.release.xcconfig"; sourceTree = "<group>"; };
		BE9704475FC0C5275EFF4C33 /* Pods_CourseDemo.framework */ = {isa = PBXFileReference; explicitFileType = wrapper.framework; includeInIndex = 0; path = Pods_CourseDemo.framework; sourceTree = BUILT_PRODUCTS_DIR; };
/* End PBXFileReference section */

/* Begin PBXFrameworksBuildPhase section */
		4FC060201C23E34F0057C2CB /* Frameworks */ = {
			isa = PBXFrameworksBuildPhase;
			buildActionMask = 2147483647;
			files = (
				A2F368F5639145EB2421B10D /* Pods_CourseDemo.framework in Frameworks */,
			);
			runOnlyForDeploymentPostprocessing = 0;
		};
/* End PBXFrameworksBuildPhase section */

/* Begin PBXGroup section */
		46E4B4EF2BF95856F21FF81D /* Pods */ = {
			isa = PBXGroup;
			children = (
				8B7FA7B91A4E5216B857DDDB /* Pods-CourseDemo.debug.xcconfig */,
				A4DF953023D2D1FADC9C252E /* Pods-CourseDemo.release.xcconfig */,
			);
			name = Pods;
			sourceTree = "<group>";
		};
		49628719982BCC8DC1944050 /* Frameworks */ = {
			isa = PBXGroup;
			children = (
				BE9704475FC0C5275EFF4C33 /* Pods_CourseDemo.framework */,
			);
			name = Frameworks;
			sourceTree = "<group>";
		};
		4F2010281C27F633004DE78C /* Utility */ = {
			isa = PBXGroup;
			children = (
				4F2010291C27F651004DE78C /* Delay.swift */,
				4F20102A1C27F651004DE78C /* Extension */,
				4F20102F1C27F651004DE78C /* Extension.swift */,
				4F2010301C27F651004DE78C /* ImageUtility.swift */,
				4F2010311C27F651004DE78C /* Utility.swift */,
			);
			name = Utility;
			sourceTree = "<group>";
		};
		4F20102A1C27F651004DE78C /* Extension */ = {
			isa = PBXGroup;
			children = (
				4F20102B1C27F651004DE78C /* Array.swift */,
				4F20102C1C27F651004DE78C /* Int.swift */,
				4F20102D1C27F651004DE78C /* NSDate.swift */,
				4F20102E1C27F651004DE78C /* String.swift */,
			);
			name = Extension;
			path = ../../Project/ios/Ican/Ican/Utility/Extension;
			sourceTree = "<group>";
		};
		4F84E3F21C23FEC1001C29E1 /* Model */ = {
			isa = PBXGroup;
			children = (
				4F84E3F31C23FEEB001C29E1 /* Event.swift */,
				4F2010241C27F5E3004DE78C /* Connection.swift */,
				4F2010261C27F603004DE78C /* API.swift */,
			);
			name = Model;
			sourceTree = "<group>";
		};
		4FC0601A1C23E34F0057C2CB = {
			isa = PBXGroup;
			children = (
				4F84E3FA1C241AFF001C29E1 /* Header.h */,
				4FC060251C23E34F0057C2CB /* CourseDemo */,
				4FC060241C23E34F0057C2CB /* Products */,
				46E4B4EF2BF95856F21FF81D /* Pods */,
				49628719982BCC8DC1944050 /* Frameworks */,
			);
			sourceTree = "<group>";
		};
		4FC060241C23E34F0057C2CB /* Products */ = {
			isa = PBXGroup;
			children = (
				4FC060231C23E34F0057C2CB /* CourseDemo.app */,
			);
			name = Products;
			sourceTree = "<group>";
		};
		4FC060251C23E34F0057C2CB /* CourseDemo */ = {
			isa = PBXGroup;
			children = (
				4F2010281C27F633004DE78C /* Utility */,
				4F84E3F21C23FEC1001C29E1 /* Model */,
				4FC060381C23E3710057C2CB /* ViewController */,
				4FC060261C23E34F0057C2CB /* AppDelegate.swift */,
				4FC0602A1C23E34F0057C2CB /* Main.storyboard */,
				4FC0602D1C23E34F0057C2CB /* Images.xcassets */,
				4FC0602F1C23E34F0057C2CB /* LaunchScreen.storyboard */,
				4FC060321C23E34F0057C2CB /* Info.plist */,
				4F84E3F51C23FFAF001C29E1 /* MyPlayground.playground */,
			);
			path = CourseDemo;
			sourceTree = "<group>";
		};
		4FC060381C23E3710057C2CB /* ViewController */ = {
			isa = PBXGroup;
			children = (
				4FC060411C23EE7E0057C2CB /* View */,
				4FC060391C23E3A00057C2CB /* CourseBaseVC.swift */,
				4FC0603B1C23E3EA0057C2CB /* CourseList.swift */,
				4FC060421C23EEBD0057C2CB /* CreateVC.swift */,
				4F55A8D91C23F908001B1A72 /* EditQuestVC.swift */,
				4F84E3FD1C241E67001C29E1 /* CustomPresentationController.swift */,
				4F84E3FF1C241ED1001C29E1 /* Animator.swift */,
			);
			name = ViewController;
			sourceTree = "<group>";
		};
		4FC060411C23EE7E0057C2CB /* View */ = {
			isa = PBXGroup;
			children = (
				4F84E3F61C240D66001C29E1 /* EventCell.swift */,
				4F84E3F81C241511001C29E1 /* MyButton.swift */,
				4F84E4031C27A794001C29E1 /* CreateQuestCell1.swift */,
				4F84E4011C27A55D001C29E1 /* CreateQuestCell2.swift */,
				4F84E4051C27A7C4001C29E1 /* CreateQuestCell3.swift */,
				4F84E4081C27D6E3001C29E1 /* ProgressBar.swift */,
			);
			name = View;
			sourceTree = "<group>";
		};
/* End PBXGroup section */

/* Begin PBXNativeTarget section */
		4FC060221C23E34F0057C2CB /* CourseDemo */ = {
			isa = PBXNativeTarget;
			buildConfigurationList = 4FC060351C23E34F0057C2CB /* Build configuration list for PBXNativeTarget "CourseDemo" */;
			buildPhases = (
				34F97CDCF7809B5ECF88791E /* Check Pods Manifest.lock */,
				4FC0601F1C23E34F0057C2CB /* Sources */,
				4FC060201C23E34F0057C2CB /* Frameworks */,
				4FC060211C23E34F0057C2CB /* Resources */,
				4F6EB8DDD96DE09D68E5BC01 /* Embed Pods Frameworks */,
				DB468A606152F424DECE14AA /* Copy Pods Resources */,
			);
			buildRules = (
			);
			dependencies = (
			);
			name = CourseDemo;
			productName = CourseDemo;
			productReference = 4FC060231C23E34F0057C2CB /* CourseDemo.app */;
			productType = "com.apple.product-type.application";
		};
/* End PBXNativeTarget section */

/* Begin PBXProject section */
		4FC0601B1C23E34F0057C2CB /* Project object */ = {
			isa = PBXProject;
			attributes = {
				LastSwiftUpdateCheck = 0720;
				LastUpgradeCheck = 0720;
				ORGANIZATIONNAME = hjliu;
				TargetAttributes = {
					4FC060221C23E34F0057C2CB = {
						CreatedOnToolsVersion = 7.2;
						DevelopmentTeam = 8T3L29PZRP;
					};
				};
			};
			buildConfigurationList = 4FC0601E1C23E34F0057C2CB /* Build configuration list for PBXProject "CourseDemo" */;
			compatibilityVersion = "Xcode 3.2";
			developmentRegion = English;
			hasScannedForEncodings = 0;
			knownRegions = (
				en,
				Base,
			);
			mainGroup = 4FC0601A1C23E34F0057C2CB;
			productRefGroup = 4FC060241C23E34F0057C2CB /* Products */;
			projectDirPath = "";
			projectRoot = "";
			targets = (
				4FC060221C23E34F0057C2CB /* CourseDemo */,
			);
		};
/* End PBXProject section */

/* Begin PBXResourcesBuildPhase section */
		4FC060211C23E34F0057C2CB /* Resources */ = {
			isa = PBXResourcesBuildPhase;
			buildActionMask = 2147483647;
			files = (
				4FC060311C23E34F0057C2CB /* LaunchScreen.storyboard in Resources */,
				4FC0602E1C23E34F0057C2CB /* Images.xcassets in Resources */,
				4FC0602C1C23E34F0057C2CB /* Main.storyboard in Resources */,
			);
			runOnlyForDeploymentPostprocessing = 0;
		};
/* End PBXResourcesBuildPhase section */

/* Begin PBXShellScriptBuildPhase section */
		34F97CDCF7809B5ECF88791E /* Check Pods Manifest.lock */ = {
			isa = PBXShellScriptBuildPhase;
			buildActionMask = 2147483647;
			files = (
			);
			inputPaths = (
			);
			name = "Check Pods Manifest.lock";
			outputPaths = (
			);
			runOnlyForDeploymentPostprocessing = 0;
			shellPath = /bin/sh;
			shellScript = "diff \"${PODS_ROOT}/../Podfile.lock\" \"${PODS_ROOT}/Manifest.lock\" > /dev/null\nif [[ $? != 0 ]] ; then\n    cat << EOM\nerror: The sandbox is not in sync with the Podfile.lock. Run 'pod install' or update your CocoaPods installation.\nEOM\n    exit 1\nfi\n";
			showEnvVarsInLog = 0;
		};
		4F6EB8DDD96DE09D68E5BC01 /* Embed Pods Frameworks */ = {
			isa = PBXShellScriptBuildPhase;
			buildActionMask = 2147483647;
			files = (
			);
			inputPaths = (
			);
			name = "Embed Pods Frameworks";
			outputPaths = (
			);
			runOnlyForDeploymentPostprocessing = 0;
			shellPath = /bin/sh;
			shellScript = "\"${SRCROOT}/Pods/Target Support Files/Pods-CourseDemo/Pods-CourseDemo-frameworks.sh\"\n";
			showEnvVarsInLog = 0;
		};
		DB468A606152F424DECE14AA /* Copy Pods Resources */ = {
			isa = PBXShellScriptBuildPhase;
			buildActionMask = 2147483647;
			files = (
			);
			inputPaths = (
			);
			name = "Copy Pods Resources";
			outputPaths = (
			);
			runOnlyForDeploymentPostprocessing = 0;
			shellPath = /bin/sh;
			shellScript = "\"${SRCROOT}/Pods/Target Support Files/Pods-CourseDemo/Pods-CourseDemo-resources.sh\"\n";
			showEnvVarsInLog = 0;
		};
/* End PBXShellScriptBuildPhase section */

/* Begin PBXSourcesBuildPhase section */
		4FC0601F1C23E34F0057C2CB /* Sources */ = {
			isa = PBXSourcesBuildPhase;
			buildActionMask = 2147483647;
			files = (
				4F2010371C27F651004DE78C /* Extension.swift in Sources */,
				4F84E4001C241ED1001C29E1 /* Animator.swift in Sources */,
				4F84E3F41C23FEEB001C29E1 /* Event.swift in Sources */,
				4FC0603C1C23E3EA0057C2CB /* CourseList.swift in Sources */,
				4F84E3FE1C241E67001C29E1 /* CustomPresentationController.swift in Sources */,
				4F2010351C27F651004DE78C /* NSDate.swift in Sources */,
				4F84E4061C27A7C4001C29E1 /* CreateQuestCell3.swift in Sources */,
				4F84E4041C27A794001C29E1 /* CreateQuestCell1.swift in Sources */,
				4FC060431C23EEBD0057C2CB /* CreateVC.swift in Sources */,
				4F2010341C27F651004DE78C /* Int.swift in Sources */,
				4F2010391C27F651004DE78C /* Utility.swift in Sources */,
				4F84E3F71C240D66001C29E1 /* EventCell.swift in Sources */,
				4F2010331C27F651004DE78C /* Array.swift in Sources */,
				4F2010361C27F651004DE78C /* String.swift in Sources */,
				4F84E3F91C241511001C29E1 /* MyButton.swift in Sources */,
				4FC060271C23E34F0057C2CB /* AppDelegate.swift in Sources */,
				4F2010251C27F5E3004DE78C /* Connection.swift in Sources */,
				4FC0603A1C23E3A00057C2CB /* CourseBaseVC.swift in Sources */,
				4F84E4021C27A55D001C29E1 /* CreateQuestCell2.swift in Sources */,
				4F84E4091C27D6E3001C29E1 /* ProgressBar.swift in Sources */,
				4F2010381C27F651004DE78C /* ImageUtility.swift in Sources */,
				4F2010321C27F651004DE78C /* Delay.swift in Sources */,
				4F2010271C27F603004DE78C /* API.swift in Sources */,
				4F55A8DA1C23F908001B1A72 /* EditQuestVC.swift in Sources */,
			);
			runOnlyForDeploymentPostprocessing = 0;
		};
/* End PBXSourcesBuildPhase section */

/* Begin PBXVariantGroup section */
		4FC0602A1C23E34F0057C2CB /* Main.storyboard */ = {
			isa = PBXVariantGroup;
			children = (
				4FC0602B1C23E34F0057C2CB /* Base */,
			);
			name = Main.storyboard;
			sourceTree = "<group>";
		};
		4FC0602F1C23E34F0057C2CB /* LaunchScreen.storyboard */ = {
			isa = PBXVariantGroup;
			children = (
				4FC060301C23E34F0057C2CB /* Base */,
			);
			name = LaunchScreen.storyboard;
			sourceTree = "<group>";
		};
/* End PBXVariantGroup section */

/* Begin XCBuildConfiguration section */
		4FC060331C23E34F0057C2CB /* Debug */ = {
			isa = XCBuildConfiguration;
			buildSettings = {
				ALWAYS_SEARCH_USER_PATHS = NO;
				CLANG_CXX_LANGUAGE_STANDARD = "gnu++0x";
				CLANG_CXX_LIBRARY = "libc++";
				CLANG_ENABLE_MODULES = YES;
				CLANG_ENABLE_OBJC_ARC = YES;
				CLANG_WARN_BOOL_CONVERSION = YES;
				CLANG_WARN_CONSTANT_CONVERSION = YES;
				CLANG_WARN_DIRECT_OBJC_ISA_USAGE = YES_ERROR;
				CLANG_WARN_EMPTY_BODY = YES;
				CLANG_WARN_ENUM_CONVERSION = YES;
				CLANG_WARN_INT_CONVERSION = YES;
				CLANG_WARN_OBJC_ROOT_CLASS = YES_ERROR;
				CLANG_WARN_UNREACHABLE_CODE = YES;
				CLANG_WARN__DUPLICATE_METHOD_MATCH = YES;
				"CODE_SIGN_IDENTITY[sdk=iphoneos*]" = "iPhone Developer";
				COPY_PHASE_STRIP = NO;
				DEBUG_INFORMATION_FORMAT = dwarf;
				ENABLE_STRICT_OBJC_MSGSEND = YES;
				ENABLE_TESTABILITY = YES;
				GCC_C_LANGUAGE_STANDARD = gnu99;
				GCC_DYNAMIC_NO_PIC = NO;
				GCC_NO_COMMON_BLOCKS = YES;
				GCC_OPTIMIZATION_LEVEL = 0;
				GCC_PREPROCESSOR_DEFINITIONS = (
					"DEBUG=1",
					"$(inherited)",
				);
				GCC_WARN_64_TO_32_BIT_CONVERSION = YES;
				GCC_WARN_ABOUT_RETURN_TYPE = YES_ERROR;
				GCC_WARN_UNDECLARED_SELECTOR = YES;
				GCC_WARN_UNINITIALIZED_AUTOS = YES_AGGRESSIVE;
				GCC_WARN_UNUSED_FUNCTION = YES;
				GCC_WARN_UNUSED_VARIABLE = YES;
				IPHONEOS_DEPLOYMENT_TARGET = 8.4;
				MTL_ENABLE_DEBUG_INFO = YES;
				ONLY_ACTIVE_ARCH = YES;
				SDKROOT = iphoneos;
				SWIFT_OPTIMIZATION_LEVEL = "-Onone";
			};
			name = Debug;
		};
		4FC060341C23E34F0057C2CB /* Release */ = {
			isa = XCBuildConfiguration;
			buildSettings = {
				ALWAYS_SEARCH_USER_PATHS = NO;
				CLANG_CXX_LANGUAGE_STANDARD = "gnu++0x";
				CLANG_CXX_LIBRARY = "libc++";
				CLANG_ENABLE_MODULES = YES;
				CLANG_ENABLE_OBJC_ARC = YES;
				CLANG_WARN_BOOL_CONVERSION = YES;
				CLANG_WARN_CONSTANT_CONVERSION = YES;
				CLANG_WARN_DIRECT_OBJC_ISA_USAGE = YES_ERROR;
				CLANG_WARN_EMPTY_BODY = YES;
				CLANG_WARN_ENUM_CONVERSION = YES;
				CLANG_WARN_INT_CONVERSION = YES;
				CLANG_WARN_OBJC_ROOT_CLASS = YES_ERROR;
				CLANG_WARN_UNREACHABLE_CODE = YES;
				CLANG_WARN__DUPLICATE_METHOD_MATCH = YES;
				"CODE_SIGN_IDENTITY[sdk=iphoneos*]" = "iPhone Developer";
				COPY_PHASE_STRIP = NO;
				DEBUG_INFORMATION_FORMAT = "dwarf-with-dsym";
				ENABLE_NS_ASSERTIONS = NO;
				ENABLE_STRICT_OBJC_MSGSEND = YES;
				GCC_C_LANGUAGE_STANDARD = gnu99;
				GCC_NO_COMMON_BLOCKS = YES;
				GCC_WARN_64_TO_32_BIT_CONVERSION = YES;
				GCC_WARN_ABOUT_RETURN_TYPE = YES_ERROR;
				GCC_WARN_UNDECLARED_SELECTOR = YES;
				GCC_WARN_UNINITIALIZED_AUTOS = YES_AGGRESSIVE;
				GCC_WARN_UNUSED_FUNCTION = YES;
				GCC_WARN_UNUSED_VARIABLE = YES;
				IPHONEOS_DEPLOYMENT_TARGET = 8.4;
				MTL_ENABLE_DEBUG_INFO = NO;
				SDKROOT = iphoneos;
				VALIDATE_PRODUCT = YES;
			};
			name = Release;
		};
		4FC060361C23E34F0057C2CB /* Debug */ = {
			isa = XCBuildConfiguration;
			baseConfigurationReference = 8B7FA7B91A4E5216B857DDDB /* Pods-CourseDemo.debug.xcconfig */;
			buildSettings = {
				ASSETCATALOG_COMPILER_APPICON_NAME = AppIcon;
				CODE_SIGN_IDENTITY = "iPhone Developer";
				INFOPLIST_FILE = CourseDemo/Info.plist;
				IPHONEOS_DEPLOYMENT_TARGET = 8.4;
				LD_RUNPATH_SEARCH_PATHS = "$(inherited) @executable_path/Frameworks";
				PRODUCT_BUNDLE_IDENTIFIER = com.sce.CourseDemo;
				PRODUCT_NAME = "$(TARGET_NAME)";
				SWIFT_OBJC_BRIDGING_HEADER = CourseDemo/Header.h;
			};
			name = Debug;
		};
		4FC060371C23E34F0057C2CB /* Release */ = {
			isa = XCBuildConfiguration;
			baseConfigurationReference = A4DF953023D2D1FADC9C252E /* Pods-CourseDemo.release.xcconfig */;
			buildSettings = {
				ASSETCATALOG_COMPILER_APPICON_NAME = AppIcon;
				CODE_SIGN_IDENTITY = "iPhone Developer";
				INFOPLIST_FILE = CourseDemo/Info.plist;
				IPHONEOS_DEPLOYMENT_TARGET = 8.4;
				LD_RUNPATH_SEARCH_PATHS = "$(inherited) @executable_path/Frameworks";
				PRODUCT_BUNDLE_IDENTIFIER = com.sce.CourseDemo;
				PRODUCT_NAME = "$(TARGET_NAME)";
				SWIFT_OBJC_BRIDGING_HEADER = CourseDemo/Header.h;
			};
			name = Release;
		};
/* End XCBuildConfiguration section */

/* Begin XCConfigurationList section */
		4FC0601E1C23E34F0057C2CB /* Build configuration list for PBXProject "CourseDemo" */ = {
			isa = XCConfigurationList;
			buildConfigurations = (
				4FC060331C23E34F0057C2CB /* Debug */,
				4FC060341C23E34F0057C2CB /* Release */,
			);
			defaultConfigurationIsVisible = 0;
			defaultConfigurationName = Release;
		};
		4FC060351C23E34F0057C2CB /* Build configuration list for PBXNativeTarget "CourseDemo" */ = {
			isa = XCConfigurationList;
			buildConfigurations = (
				4FC060361C23E34F0057C2CB /* Debug */,
				4FC060371C23E34F0057C2CB /* Release */,
			);
			defaultConfigurationIsVisible = 0;
			defaultConfigurationName = Release;
		};
/* End XCConfigurationList section */
	};
	rootObject = 4FC0601B1C23E34F0057C2CB /* Project object */;
}
